
Microsoft Visual Studio Solution File, Format Version 12.00
# Visual Studio Version 17
VisualStudioVersion = 17.2.32630.192
MinimumVisualStudioVersion = 10.0.40219.1
Project("{2150E333-8FDC-42A3-9474-1A3956D46DE8}") = "Core", "Core", "{5A516B2C-FA07-473D-A29B-E83BDB92F054}"
EndProject
Project("{FAE04EC0-301F-11D3-BF4B-00C04F79EFBC}") = "Snebur", "src\Core\Snebur.csproj", "{EC174C4F-8122-41A3-8360-F04C4C8FC3BA}"
EndProject
Project("{FAE04EC0-301F-11D3-BF4B-00C04F79EFBC}") = "Snebur.Seguranca", "src\Seguranca\Snebur.Seguranca.csproj", "{65B693FA-A999-48C3-9DAE-6DA21A1158B7}"
EndProject
Project("{2150E333-8FDC-42A3-9474-1A3956D46DE8}") = "Comunicacao", "Comunicacao", "{AC8BC5B7-F35E-4351-A587-EA5FC9285F08}"
EndProject
Project("{FAE04EC0-301F-11D3-BF4B-00C04F79EFBC}") = "Snebur.Comunicacao", "src\Comunicacao\src\Comunicacao\Snebur.Comunicacao.csproj", "{B44697C1-5C0C-40CF-814D-2BFBA2498BF6}"
EndProject
Project("{FAE04EC0-301F-11D3-BF4B-00C04F79EFBC}") = "Snebur.Comunicacao.Cliente", "src\Comunicacao\src\Comunicacao.Cliente\Snebur.Comunicacao.Cliente.csproj", "{ECF8A9A3-2544-4C75-9473-85E919C5BEBC}"
EndProject
Project("{FAE04EC0-301F-11D3-BF4B-00C04F79EFBC}") = "Snebur.Comunicacao.Servidor", "src\Comunicacao\src\Comunicacao.Servidor\Snebur.Comunicacao.Servidor.csproj", "{FE9E12C0-AE76-4C3D-8B2D-407A7A751EFF}"
EndProject
Project("{2150E333-8FDC-42A3-9474-1A3956D46DE8}") = "AcessoDados", "AcessoDados", "{0948CA5C-D85A-4168-A228-ABFB790F75C7}"
EndProject
Project("{FAE04EC0-301F-11D3-BF4B-00C04F79EFBC}") = "Snebur.AcessoDados", "src\AcessoDados\src\AcessoDados\Snebur.AcessoDados.csproj", "{AE39CD55-5282-48A5-8131-6704C825F26A}"
EndProject
Project("{FAE04EC0-301F-11D3-BF4B-00C04F79EFBC}") = "Snebur.AcessoDados.Cliente", "src\AcessoDados\src\AcessoDados.Cliente\Snebur.AcessoDados.Cliente.csproj", "{20D90B61-E126-4048-BA7E-0FE69CF20180}"
EndProject
Project("{FAE04EC0-301F-11D3-BF4B-00C04F79EFBC}") = "Snebur.AcessoDados.Servidor", "src\AcessoDados\src\AcessoDados.Servidor\Snebur.AcessoDados.Servidor.csproj", "{31462775-BADC-4D17-9242-41E4EA2507C7}"
EndProject
Project("{FAE04EC0-301F-11D3-BF4B-00C04F79EFBC}") = "Snebur.AcessoDados.Comunicacao", "src\AcessoDados\src\AcessoDados.Comunicacao\Snebur.AcessoDados.Comunicacao.csproj", "{F2169388-EBB5-4EE9-9FB7-30D886C47AD8}"
EndProject
Project("{FAE04EC0-301F-11D3-BF4B-00C04F79EFBC}") = "Snebur.AcessoDados.Migracao", "src\AcessoDados\src\AcessoDados.Migracao\Snebur.AcessoDados.Migracao.csproj", "{64993A1A-58DC-4001-BAB3-2CB115DA835D}"
EndProject
Project("{2150E333-8FDC-42A3-9474-1A3956D46DE8}") = "ServicoArquivo", "ServicoArquivo", "{3F176DC7-BD14-4B54-9D78-FEBA6C7D1C57}"
EndProject
Project("{FAE04EC0-301F-11D3-BF4B-00C04F79EFBC}") = "Snebur.ServicoArquivo", "src\ServicoArquivo\src\ServicoArquivo\Snebur.ServicoArquivo.csproj", "{3F344A32-39CE-469C-A4FF-BD7EF353912B}"
EndProject
Project("{FAE04EC0-301F-11D3-BF4B-00C04F79EFBC}") = "Snebur.ServicoArquivo.Comunicacao", "src\ServicoArquivo\src\ServicoArquivo.Comunicacao\Snebur.ServicoArquivo.Comunicacao.csproj", "{01C61788-CE3A-46B6-B15D-B1DE3BDD64EC}"
EndProject
Project("{FAE04EC0-301F-11D3-BF4B-00C04F79EFBC}") = "Snebur.ServicoArquivo.Servidor", "src\ServicoArquivo\src\ServicoArquivo.Servidor\Snebur.ServicoArquivo.Servidor.csproj", "{57E9BB6D-C8A6-4BEF-8A41-6AD3B563E60B}"
EndProject
Project("{FAE04EC0-301F-11D3-BF4B-00C04F79EFBC}") = "Snebur.Computador", "src\Computador\Snebur.Computador.csproj", "{E75E2EC1-B6DA-4271-A069-933911B4A606}"
EndProject
Project("{FAE04EC0-301F-11D3-BF4B-00C04F79EFBC}") = "Snebur.ServicoArquivo.Cliente", "src\ServicoArquivo\src\.ServicoArquivo.Cliente\Snebur.ServicoArquivo.Cliente.csproj", "{83894101-D265-4738-96FA-9FDD91674960}"
EndProject
Project("{FAE04EC0-301F-11D3-BF4B-00C04F79EFBC}") = "Snebur.Globalizacao", "src\Globalizacao\Snebur.Globalizacao.csproj", "{382D7B02-8704-4AF5-A80B-2B202E8D1DCB}"
EndProject
Project("{FAE04EC0-301F-11D3-BF4B-00C04F79EFBC}") = "Snebur.Imagem", "src\Imagem\Snebur.Imagem.csproj", "{291B80E1-AF0E-42FE-BED9-66EA6B8118E4}"
EndProject
Project("{2150E333-8FDC-42A3-9474-1A3956D46DE8}") = "Solution Items", "Solution Items", "{A46DFF41-B1D6-493D-B708-BBD00AF168A7}"
	ProjectSection(SolutionItems) = preProject
		.editorconfig = .editorconfig
		.gitattributes = .gitattributes
		.gitignore = .gitignore
	EndProjectSection
EndProject
Project("{FAE04EC0-301F-11D3-BF4B-00C04F79EFBC}") = "Snebur.Depuracao", "src\Depuracao\Snebur.Depuracao.csproj", "{538E7ECC-F8FC-49FE-9A6A-B5E704AF096C}"
EndProject
Project("{FAE04EC0-301F-11D3-BF4B-00C04F79EFBC}") = "Snebur.AspNet", "src\Snebur.AspNet\Snebur.AspNet.csproj", "{A3F02A0D-44B9-41EE-8D25-813997506F51}"
EndProject
Global
	GlobalSection(SolutionConfigurationPlatforms) = preSolution
		Apresentacao|Any CPU = Apresentacao|Any CPU
		Debug Ap|Any CPU = Debug Ap|Any CPU
		Debug|Any CPU = Debug|Any CPU
		Release|Any CPU = Release|Any CPU
	EndGlobalSection
	GlobalSection(ProjectConfigurationPlatforms) = postSolution
		{EC174C4F-8122-41A3-8360-F04C4C8FC3BA}.Apresentacao|Any CPU.ActiveCfg = Apresentacao|Any CPU
		{EC174C4F-8122-41A3-8360-F04C4C8FC3BA}.Apresentacao|Any CPU.Build.0 = Apresentacao|Any CPU
		{EC174C4F-8122-41A3-8360-F04C4C8FC3BA}.Debug Ap|Any CPU.ActiveCfg = Debug|Any CPU
		{EC174C4F-8122-41A3-8360-F04C4C8FC3BA}.Debug Ap|Any CPU.Build.0 = Debug|Any CPU
		{EC174C4F-8122-41A3-8360-F04C4C8FC3BA}.Debug|Any CPU.ActiveCfg = Debug|Any CPU
		{EC174C4F-8122-41A3-8360-F04C4C8FC3BA}.Debug|Any CPU.Build.0 = Debug|Any CPU
		{EC174C4F-8122-41A3-8360-F04C4C8FC3BA}.Release|Any CPU.ActiveCfg = Release|Any CPU
		{EC174C4F-8122-41A3-8360-F04C4C8FC3BA}.Release|Any CPU.Build.0 = Release|Any CPU
		{65B693FA-A999-48C3-9DAE-6DA21A1158B7}.Apresentacao|Any CPU.ActiveCfg = Debug|Any CPU
		{65B693FA-A999-48C3-9DAE-6DA21A1158B7}.Apresentacao|Any CPU.Build.0 = Debug|Any CPU
		{65B693FA-A999-48C3-9DAE-6DA21A1158B7}.Debug Ap|Any CPU.ActiveCfg = Debug|Any CPU
		{65B693FA-A999-48C3-9DAE-6DA21A1158B7}.Debug Ap|Any CPU.Build.0 = Debug|Any CPU
		{65B693FA-A999-48C3-9DAE-6DA21A1158B7}.Debug|Any CPU.ActiveCfg = Debug|Any CPU
		{65B693FA-A999-48C3-9DAE-6DA21A1158B7}.Debug|Any CPU.Build.0 = Debug|Any CPU
		{65B693FA-A999-48C3-9DAE-6DA21A1158B7}.Release|Any CPU.ActiveCfg = Release|Any CPU
		{65B693FA-A999-48C3-9DAE-6DA21A1158B7}.Release|Any CPU.Build.0 = Release|Any CPU
		{B44697C1-5C0C-40CF-814D-2BFBA2498BF6}.Apresentacao|Any CPU.ActiveCfg = Debug|Any CPU
		{B44697C1-5C0C-40CF-814D-2BFBA2498BF6}.Apresentacao|Any CPU.Build.0 = Debug|Any CPU
		{B44697C1-5C0C-40CF-814D-2BFBA2498BF6}.Debug Ap|Any CPU.ActiveCfg = Debug|Any CPU
		{B44697C1-5C0C-40CF-814D-2BFBA2498BF6}.Debug Ap|Any CPU.Build.0 = Debug|Any CPU
		{B44697C1-5C0C-40CF-814D-2BFBA2498BF6}.Debug|Any CPU.ActiveCfg = Debug|Any CPU
		{B44697C1-5C0C-40CF-814D-2BFBA2498BF6}.Debug|Any CPU.Build.0 = Debug|Any CPU
		{B44697C1-5C0C-40CF-814D-2BFBA2498BF6}.Release|Any CPU.ActiveCfg = Release|Any CPU
		{B44697C1-5C0C-40CF-814D-2BFBA2498BF6}.Release|Any CPU.Build.0 = Release|Any CPU
		{ECF8A9A3-2544-4C75-9473-85E919C5BEBC}.Apresentacao|Any CPU.ActiveCfg = Debug|Any CPU
		{ECF8A9A3-2544-4C75-9473-85E919C5BEBC}.Apresentacao|Any CPU.Build.0 = Debug|Any CPU
		{ECF8A9A3-2544-4C75-9473-85E919C5BEBC}.Debug Ap|Any CPU.ActiveCfg = Debug|Any CPU
		{ECF8A9A3-2544-4C75-9473-85E919C5BEBC}.Debug Ap|Any CPU.Build.0 = Debug|Any CPU
		{ECF8A9A3-2544-4C75-9473-85E919C5BEBC}.Debug|Any CPU.ActiveCfg = Debug|Any CPU
		{ECF8A9A3-2544-4C75-9473-85E919C5BEBC}.Debug|Any CPU.Build.0 = Debug|Any CPU
		{ECF8A9A3-2544-4C75-9473-85E919C5BEBC}.Release|Any CPU.ActiveCfg = Release|Any CPU
		{ECF8A9A3-2544-4C75-9473-85E919C5BEBC}.Release|Any CPU.Build.0 = Release|Any CPU
		{FE9E12C0-AE76-4C3D-8B2D-407A7A751EFF}.Apresentacao|Any CPU.ActiveCfg = Debug|Any CPU
		{FE9E12C0-AE76-4C3D-8B2D-407A7A751EFF}.Apresentacao|Any CPU.Build.0 = Debug|Any CPU
		{FE9E12C0-AE76-4C3D-8B2D-407A7A751EFF}.Debug Ap|Any CPU.ActiveCfg = Debug|Any CPU
		{FE9E12C0-AE76-4C3D-8B2D-407A7A751EFF}.Debug Ap|Any CPU.Build.0 = Debug|Any CPU
		{FE9E12C0-AE76-4C3D-8B2D-407A7A751EFF}.Debug|Any CPU.ActiveCfg = Debug|Any CPU
		{FE9E12C0-AE76-4C3D-8B2D-407A7A751EFF}.Debug|Any CPU.Build.0 = Debug|Any CPU
		{FE9E12C0-AE76-4C3D-8B2D-407A7A751EFF}.Release|Any CPU.ActiveCfg = Release|Any CPU
		{FE9E12C0-AE76-4C3D-8B2D-407A7A751EFF}.Release|Any CPU.Build.0 = Release|Any CPU
		{AE39CD55-5282-48A5-8131-6704C825F26A}.Apresentacao|Any CPU.ActiveCfg = Debug|Any CPU
		{AE39CD55-5282-48A5-8131-6704C825F26A}.Apresentacao|Any CPU.Build.0 = Debug|Any CPU
		{AE39CD55-5282-48A5-8131-6704C825F26A}.Debug Ap|Any CPU.ActiveCfg = Debug|Any CPU
		{AE39CD55-5282-48A5-8131-6704C825F26A}.Debug Ap|Any CPU.Build.0 = Debug|Any CPU
		{AE39CD55-5282-48A5-8131-6704C825F26A}.Debug|Any CPU.ActiveCfg = Debug|Any CPU
		{AE39CD55-5282-48A5-8131-6704C825F26A}.Debug|Any CPU.Build.0 = Debug|Any CPU
		{AE39CD55-5282-48A5-8131-6704C825F26A}.Release|Any CPU.ActiveCfg = Release|Any CPU
		{AE39CD55-5282-48A5-8131-6704C825F26A}.Release|Any CPU.Build.0 = Release|Any CPU
		{20D90B61-E126-4048-BA7E-0FE69CF20180}.Apresentacao|Any CPU.ActiveCfg = Debug|Any CPU
		{20D90B61-E126-4048-BA7E-0FE69CF20180}.Apresentacao|Any CPU.Build.0 = Debug|Any CPU
		{20D90B61-E126-4048-BA7E-0FE69CF20180}.Debug Ap|Any CPU.ActiveCfg = Debug|Any CPU
		{20D90B61-E126-4048-BA7E-0FE69CF20180}.Debug Ap|Any CPU.Build.0 = Debug|Any CPU
		{20D90B61-E126-4048-BA7E-0FE69CF20180}.Debug|Any CPU.ActiveCfg = Debug|Any CPU
		{20D90B61-E126-4048-BA7E-0FE69CF20180}.Debug|Any CPU.Build.0 = Debug|Any CPU
		{20D90B61-E126-4048-BA7E-0FE69CF20180}.Release|Any CPU.ActiveCfg = Release|Any CPU
		{20D90B61-E126-4048-BA7E-0FE69CF20180}.Release|Any CPU.Build.0 = Release|Any CPU
		{31462775-BADC-4D17-9242-41E4EA2507C7}.Apresentacao|Any CPU.ActiveCfg = Debug|Any CPU
		{31462775-BADC-4D17-9242-41E4EA2507C7}.Apresentacao|Any CPU.Build.0 = Debug|Any CPU
		{31462775-BADC-4D17-9242-41E4EA2507C7}.Debug Ap|Any CPU.ActiveCfg = Debug|Any CPU
		{31462775-BADC-4D17-9242-41E4EA2507C7}.Debug Ap|Any CPU.Build.0 = Debug|Any CPU
		{31462775-BADC-4D17-9242-41E4EA2507C7}.Debug|Any CPU.ActiveCfg = Debug|Any CPU
		{31462775-BADC-4D17-9242-41E4EA2507C7}.Debug|Any CPU.Build.0 = Debug|Any CPU
		{31462775-BADC-4D17-9242-41E4EA2507C7}.Release|Any CPU.ActiveCfg = Release|Any CPU
		{31462775-BADC-4D17-9242-41E4EA2507C7}.Release|Any CPU.Build.0 = Release|Any CPU
		{F2169388-EBB5-4EE9-9FB7-30D886C47AD8}.Apresentacao|Any CPU.ActiveCfg = Debug|Any CPU
		{F2169388-EBB5-4EE9-9FB7-30D886C47AD8}.Apresentacao|Any CPU.Build.0 = Debug|Any CPU
		{F2169388-EBB5-4EE9-9FB7-30D886C47AD8}.Debug Ap|Any CPU.ActiveCfg = Debug|Any CPU
		{F2169388-EBB5-4EE9-9FB7-30D886C47AD8}.Debug Ap|Any CPU.Build.0 = Debug|Any CPU
		{F2169388-EBB5-4EE9-9FB7-30D886C47AD8}.Debug|Any CPU.ActiveCfg = Debug|Any CPU
		{F2169388-EBB5-4EE9-9FB7-30D886C47AD8}.Debug|Any CPU.Build.0 = Debug|Any CPU
		{F2169388-EBB5-4EE9-9FB7-30D886C47AD8}.Release|Any CPU.ActiveCfg = Release|Any CPU
		{F2169388-EBB5-4EE9-9FB7-30D886C47AD8}.Release|Any CPU.Build.0 = Release|Any CPU
		{64993A1A-58DC-4001-BAB3-2CB115DA835D}.Apresentacao|Any CPU.ActiveCfg = Debug|Any CPU
		{64993A1A-58DC-4001-BAB3-2CB115DA835D}.Apresentacao|Any CPU.Build.0 = Debug|Any CPU
		{64993A1A-58DC-4001-BAB3-2CB115DA835D}.Debug Ap|Any CPU.ActiveCfg = Debug|Any CPU
		{64993A1A-58DC-4001-BAB3-2CB115DA835D}.Debug Ap|Any CPU.Build.0 = Debug|Any CPU
		{64993A1A-58DC-4001-BAB3-2CB115DA835D}.Debug|Any CPU.ActiveCfg = Debug|Any CPU
		{64993A1A-58DC-4001-BAB3-2CB115DA835D}.Debug|Any CPU.Build.0 = Debug|Any CPU
		{64993A1A-58DC-4001-BAB3-2CB115DA835D}.Release|Any CPU.ActiveCfg = Release|Any CPU
		{64993A1A-58DC-4001-BAB3-2CB115DA835D}.Release|Any CPU.Build.0 = Release|Any CPU
		{3F344A32-39CE-469C-A4FF-BD7EF353912B}.Apresentacao|Any CPU.ActiveCfg = Debug|Any CPU
		{3F344A32-39CE-469C-A4FF-BD7EF353912B}.Apresentacao|Any CPU.Build.0 = Debug|Any CPU
		{3F344A32-39CE-469C-A4FF-BD7EF353912B}.Debug Ap|Any CPU.ActiveCfg = Debug|Any CPU
		{3F344A32-39CE-469C-A4FF-BD7EF353912B}.Debug Ap|Any CPU.Build.0 = Debug|Any CPU
		{3F344A32-39CE-469C-A4FF-BD7EF353912B}.Debug|Any CPU.ActiveCfg = Debug|Any CPU
		{3F344A32-39CE-469C-A4FF-BD7EF353912B}.Debug|Any CPU.Build.0 = Debug|Any CPU
		{3F344A32-39CE-469C-A4FF-BD7EF353912B}.Release|Any CPU.ActiveCfg = Release|Any CPU
		{3F344A32-39CE-469C-A4FF-BD7EF353912B}.Release|Any CPU.Build.0 = Release|Any CPU
		{01C61788-CE3A-46B6-B15D-B1DE3BDD64EC}.Apresentacao|Any CPU.ActiveCfg = Debug|Any CPU
		{01C61788-CE3A-46B6-B15D-B1DE3BDD64EC}.Apresentacao|Any CPU.Build.0 = Debug|Any CPU
		{01C61788-CE3A-46B6-B15D-B1DE3BDD64EC}.Debug Ap|Any CPU.ActiveCfg = Debug|Any CPU
		{01C61788-CE3A-46B6-B15D-B1DE3BDD64EC}.Debug Ap|Any CPU.Build.0 = Debug|Any CPU
		{01C61788-CE3A-46B6-B15D-B1DE3BDD64EC}.Debug|Any CPU.ActiveCfg = Debug|Any CPU
		{01C61788-CE3A-46B6-B15D-B1DE3BDD64EC}.Debug|Any CPU.Build.0 = Debug|Any CPU
		{01C61788-CE3A-46B6-B15D-B1DE3BDD64EC}.Release|Any CPU.ActiveCfg = Release|Any CPU
		{01C61788-CE3A-46B6-B15D-B1DE3BDD64EC}.Release|Any CPU.Build.0 = Release|Any CPU
		{57E9BB6D-C8A6-4BEF-8A41-6AD3B563E60B}.Apresentacao|Any CPU.ActiveCfg = Debug|Any CPU
		{57E9BB6D-C8A6-4BEF-8A41-6AD3B563E60B}.Apresentacao|Any CPU.Build.0 = Debug|Any CPU
		{57E9BB6D-C8A6-4BEF-8A41-6AD3B563E60B}.Debug Ap|Any CPU.ActiveCfg = Debug|Any CPU
		{57E9BB6D-C8A6-4BEF-8A41-6AD3B563E60B}.Debug Ap|Any CPU.Build.0 = Debug|Any CPU
		{57E9BB6D-C8A6-4BEF-8A41-6AD3B563E60B}.Debug|Any CPU.ActiveCfg = Debug|Any CPU
		{57E9BB6D-C8A6-4BEF-8A41-6AD3B563E60B}.Debug|Any CPU.Build.0 = Debug|Any CPU
		{57E9BB6D-C8A6-4BEF-8A41-6AD3B563E60B}.Release|Any CPU.ActiveCfg = Release|Any CPU
		{57E9BB6D-C8A6-4BEF-8A41-6AD3B563E60B}.Release|Any CPU.Build.0 = Release|Any CPU
		{E75E2EC1-B6DA-4271-A069-933911B4A606}.Apresentacao|Any CPU.ActiveCfg = Debug|Any CPU
		{E75E2EC1-B6DA-4271-A069-933911B4A606}.Apresentacao|Any CPU.Build.0 = Debug|Any CPU
		{E75E2EC1-B6DA-4271-A069-933911B4A606}.Debug Ap|Any CPU.ActiveCfg = Debug|Any CPU
		{E75E2EC1-B6DA-4271-A069-933911B4A606}.Debug Ap|Any CPU.Build.0 = Debug|Any CPU
		{E75E2EC1-B6DA-4271-A069-933911B4A606}.Debug|Any CPU.ActiveCfg = Debug|Any CPU
		{E75E2EC1-B6DA-4271-A069-933911B4A606}.Debug|Any CPU.Build.0 = Debug|Any CPU
		{E75E2EC1-B6DA-4271-A069-933911B4A606}.Release|Any CPU.ActiveCfg = Release|Any CPU
		{E75E2EC1-B6DA-4271-A069-933911B4A606}.Release|Any CPU.Build.0 = Release|Any CPU
		{83894101-D265-4738-96FA-9FDD91674960}.Apresentacao|Any CPU.ActiveCfg = Debug|Any CPU
		{83894101-D265-4738-96FA-9FDD91674960}.Apresentacao|Any CPU.Build.0 = Debug|Any CPU
		{83894101-D265-4738-96FA-9FDD91674960}.Debug Ap|Any CPU.ActiveCfg = Debug|Any CPU
		{83894101-D265-4738-96FA-9FDD91674960}.Debug Ap|Any CPU.Build.0 = Debug|Any CPU
		{83894101-D265-4738-96FA-9FDD91674960}.Debug|Any CPU.ActiveCfg = Debug|Any CPU
		{83894101-D265-4738-96FA-9FDD91674960}.Debug|Any CPU.Build.0 = Debug|Any CPU
		{83894101-D265-4738-96FA-9FDD91674960}.Release|Any CPU.ActiveCfg = Release|Any CPU
		{83894101-D265-4738-96FA-9FDD91674960}.Release|Any CPU.Build.0 = Release|Any CPU
		{382D7B02-8704-4AF5-A80B-2B202E8D1DCB}.Apresentacao|Any CPU.ActiveCfg = Debug|Any CPU
		{382D7B02-8704-4AF5-A80B-2B202E8D1DCB}.Apresentacao|Any CPU.Build.0 = Debug|Any CPU
		{382D7B02-8704-4AF5-A80B-2B202E8D1DCB}.Debug Ap|Any CPU.ActiveCfg = Debug|Any CPU
		{382D7B02-8704-4AF5-A80B-2B202E8D1DCB}.Debug Ap|Any CPU.Build.0 = Debug|Any CPU
		{382D7B02-8704-4AF5-A80B-2B202E8D1DCB}.Debug|Any CPU.ActiveCfg = Debug|Any CPU
		{382D7B02-8704-4AF5-A80B-2B202E8D1DCB}.Debug|Any CPU.Build.0 = Debug|Any CPU
		{382D7B02-8704-4AF5-A80B-2B202E8D1DCB}.Release|Any CPU.ActiveCfg = Release|Any CPU
		{382D7B02-8704-4AF5-A80B-2B202E8D1DCB}.Release|Any CPU.Build.0 = Release|Any CPU
		{291B80E1-AF0E-42FE-BED9-66EA6B8118E4}.Apresentacao|Any CPU.ActiveCfg = Debug|Any CPU
		{291B80E1-AF0E-42FE-BED9-66EA6B8118E4}.Apresentacao|Any CPU.Build.0 = Debug|Any CPU
		{291B80E1-AF0E-42FE-BED9-66EA6B8118E4}.Debug Ap|Any CPU.ActiveCfg = Debug|Any CPU
		{291B80E1-AF0E-42FE-BED9-66EA6B8118E4}.Debug Ap|Any CPU.Build.0 = Debug|Any CPU
		{291B80E1-AF0E-42FE-BED9-66EA6B8118E4}.Debug|Any CPU.ActiveCfg = Debug|Any CPU
		{291B80E1-AF0E-42FE-BED9-66EA6B8118E4}.Debug|Any CPU.Build.0 = Debug|Any CPU
		{291B80E1-AF0E-42FE-BED9-66EA6B8118E4}.Release|Any CPU.ActiveCfg = Release|Any CPU
		{291B80E1-AF0E-42FE-BED9-66EA6B8118E4}.Release|Any CPU.Build.0 = Release|Any CPU
		{538E7ECC-F8FC-49FE-9A6A-B5E704AF096C}.Apresentacao|Any CPU.ActiveCfg = Apresentacao|Any CPU
		{538E7ECC-F8FC-49FE-9A6A-B5E704AF096C}.Apresentacao|Any CPU.Build.0 = Apresentacao|Any CPU
		{538E7ECC-F8FC-49FE-9A6A-B5E704AF096C}.Debug Ap|Any CPU.ActiveCfg = Debug Ap|Any CPU
		{538E7ECC-F8FC-49FE-9A6A-B5E704AF096C}.Debug Ap|Any CPU.Build.0 = Debug Ap|Any CPU
		{538E7ECC-F8FC-49FE-9A6A-B5E704AF096C}.Debug|Any CPU.ActiveCfg = Debug|Any CPU
		{538E7ECC-F8FC-49FE-9A6A-B5E704AF096C}.Debug|Any CPU.Build.0 = Debug|Any CPU
		{538E7ECC-F8FC-49FE-9A6A-B5E704AF096C}.Release|Any CPU.ActiveCfg = Release|Any CPU
		{538E7ECC-F8FC-49FE-9A6A-B5E704AF096C}.Release|Any CPU.Build.0 = Release|Any CPU
		{A3F02A0D-44B9-41EE-8D25-813997506F51}.Apresentacao|Any CPU.ActiveCfg = Debug|Any CPU
		{A3F02A0D-44B9-41EE-8D25-813997506F51}.Apresentacao|Any CPU.Build.0 = Debug|Any CPU
		{A3F02A0D-44B9-41EE-8D25-813997506F51}.Debug Ap|Any CPU.ActiveCfg = Debug|Any CPU
		{A3F02A0D-44B9-41EE-8D25-813997506F51}.Debug Ap|Any CPU.Build.0 = Debug|Any CPU
		{A3F02A0D-44B9-41EE-8D25-813997506F51}.Debug|Any CPU.ActiveCfg = Debug|Any CPU
		{A3F02A0D-44B9-41EE-8D25-813997506F51}.Debug|Any CPU.Build.0 = Debug|Any CPU
		{A3F02A0D-44B9-41EE-8D25-813997506F51}.Release|Any CPU.ActiveCfg = Release|Any CPU
		{A3F02A0D-44B9-41EE-8D25-813997506F51}.Release|Any CPU.Build.0 = Release|Any CPU
	EndGlobalSection
	GlobalSection(SolutionProperties) = preSolution
		HideSolutionNode = FALSE
	EndGlobalSection
	GlobalSection(NestedProjects) = preSolution
		{EC174C4F-8122-41A3-8360-F04C4C8FC3BA} = {5A516B2C-FA07-473D-A29B-E83BDB92F054}
		{65B693FA-A999-48C3-9DAE-6DA21A1158B7} = {5A516B2C-FA07-473D-A29B-E83BDB92F054}
		{B44697C1-5C0C-40CF-814D-2BFBA2498BF6} = {AC8BC5B7-F35E-4351-A587-EA5FC9285F08}
		{ECF8A9A3-2544-4C75-9473-85E919C5BEBC} = {AC8BC5B7-F35E-4351-A587-EA5FC9285F08}
		{FE9E12C0-AE76-4C3D-8B2D-407A7A751EFF} = {AC8BC5B7-F35E-4351-A587-EA5FC9285F08}
		{AE39CD55-5282-48A5-8131-6704C825F26A} = {0948CA5C-D85A-4168-A228-ABFB790F75C7}
		{20D90B61-E126-4048-BA7E-0FE69CF20180} = {0948CA5C-D85A-4168-A228-ABFB790F75C7}
		{31462775-BADC-4D17-9242-41E4EA2507C7} = {0948CA5C-D85A-4168-A228-ABFB790F75C7}
		{F2169388-EBB5-4EE9-9FB7-30D886C47AD8} = {0948CA5C-D85A-4168-A228-ABFB790F75C7}
		{64993A1A-58DC-4001-BAB3-2CB115DA835D} = {0948CA5C-D85A-4168-A228-ABFB790F75C7}
		{3F344A32-39CE-469C-A4FF-BD7EF353912B} = {3F176DC7-BD14-4B54-9D78-FEBA6C7D1C57}
		{01C61788-CE3A-46B6-B15D-B1DE3BDD64EC} = {3F176DC7-BD14-4B54-9D78-FEBA6C7D1C57}
		{57E9BB6D-C8A6-4BEF-8A41-6AD3B563E60B} = {3F176DC7-BD14-4B54-9D78-FEBA6C7D1C57}
		{E75E2EC1-B6DA-4271-A069-933911B4A606} = {5A516B2C-FA07-473D-A29B-E83BDB92F054}
		{83894101-D265-4738-96FA-9FDD91674960} = {3F176DC7-BD14-4B54-9D78-FEBA6C7D1C57}
		{382D7B02-8704-4AF5-A80B-2B202E8D1DCB} = {5A516B2C-FA07-473D-A29B-E83BDB92F054}
		{291B80E1-AF0E-42FE-BED9-66EA6B8118E4} = {5A516B2C-FA07-473D-A29B-E83BDB92F054}
		{538E7ECC-F8FC-49FE-9A6A-B5E704AF096C} = {5A516B2C-FA07-473D-A29B-E83BDB92F054}
		{A3F02A0D-44B9-41EE-8D25-813997506F51} = {5A516B2C-FA07-473D-A29B-E83BDB92F054}
	EndGlobalSection
	GlobalSection(ExtensibilityGlobals) = postSolution
		SolutionGuid = {61CB65D2-9F59-4B9F-961E-D0D8509D4332}
	EndGlobalSection
EndGlobal
