
Microsoft Visual Studio Solution File, Format Version 12.00
# Visual Studio Version 17
VisualStudioVersion = 17.5.002.0
MinimumVisualStudioVersion = 10.0.40219.1
Project("{9A19103F-16F7-4668-BE54-9A1E7A4F7556}") = "Snebur", "Snebur.csproj", "{CBEFE41E-0137-4FB9-855C-215EC09B54BB}"
EndProject
Project("{9A19103F-16F7-4668-BE54-9A1E7A4F7556}") = "Snebur.Net40", "Snebur.Net40.csproj", "{C237AA2C-8105-430A-845B-6B63BEC061EE}"
EndProject
Project("{9A19103F-16F7-4668-BE54-9A1E7A4F7556}") = "Snebur.Net48", "Snebur.Net48.csproj", "{3109AECC-684E-4866-95DC-1D253579D336}"
EndProject
Global
	GlobalSection(SolutionConfigurationPlatforms) = preSolution
		Debug|Any CPU = Debug|Any CPU
		Release|Any CPU = Release|Any CPU
	EndGlobalSection
	GlobalSection(ProjectConfigurationPlatforms) = postSolution
		{CBEFE41E-0137-4FB9-855C-215EC09B54BB}.Debug|Any CPU.ActiveCfg = Debug|Any CPU
		{CBEFE41E-0137-4FB9-855C-215EC09B54BB}.Debug|Any CPU.Build.0 = Debug|Any CPU
		{CBEFE41E-0137-4FB9-855C-215EC09B54BB}.Release|Any CPU.ActiveCfg = Release|Any CPU
		{CBEFE41E-0137-4FB9-855C-215EC09B54BB}.Release|Any CPU.Build.0 = Release|Any CPU
		{C237AA2C-8105-430A-845B-6B63BEC061EE}.Debug|Any CPU.ActiveCfg = Debug|Any CPU
		{C237AA2C-8105-430A-845B-6B63BEC061EE}.Debug|Any CPU.Build.0 = Debug|Any CPU
		{C237AA2C-8105-430A-845B-6B63BEC061EE}.Release|Any CPU.ActiveCfg = Release|Any CPU
		{C237AA2C-8105-430A-845B-6B63BEC061EE}.Release|Any CPU.Build.0 = Release|Any CPU
		{3109AECC-684E-4866-95DC-1D253579D336}.Debug|Any CPU.ActiveCfg = Debug|Any CPU
		{3109AECC-684E-4866-95DC-1D253579D336}.Debug|Any CPU.Build.0 = Debug|Any CPU
		{3109AECC-684E-4866-95DC-1D253579D336}.Release|Any CPU.ActiveCfg = Release|Any CPU
		{3109AECC-684E-4866-95DC-1D253579D336}.Release|Any CPU.Build.0 = Release|Any CPU
	EndGlobalSection
	GlobalSection(SolutionProperties) = preSolution
		HideSolutionNode = FALSE
	EndGlobalSection
	GlobalSection(ExtensibilityGlobals) = postSolution
		SolutionGuid = {3F0C2893-B384-4DBB-9B70-7DACD7145394}
	EndGlobalSection
EndGlobal
